{
  "version": 1,
  "dependencies": {
    "net8.0-windows10.0.22621": {
      "CommunityToolkit.Mvvm": {
        "type": "Direct",
        "requested": "[8.4.0, )",
        "resolved": "8.4.0",
        "contentHash": "tqVU8yc/ADO9oiTRyTnwhFN68hCwvkliMierptWOudIAvWY1mWCh5VFh+guwHJmpMwfg0J0rY+yyd5Oy7ty9Uw=="
      },
      "CommunityToolkit.WinUI.Collections": {
        "type": "Direct",
        "requested": "[8.1.240916, )",
        "resolved": "8.1.240916",
        "contentHash": "s7I7WSbz6xd7vmIIns88MpOPkV3Bcp31F0DPf0+r+xZW9pL8GDXxjHkGwMZNHEBNrpafxoDeN/XS9S96Q9CcRA==",
        "dependencies": {
          "CommunityToolkit.WinUI.Helpers": "8.1.240916",
          "Microsoft.Windows.SDK.BuildTools": "10.0.22621.756",
          "Microsoft.WindowsAppSDK": "1.5.240311000"
        }
      },
      "CommunityToolkit.WinUI.Extensions": {
        "type": "Direct",
        "requested": "[8.1.240916, )",
        "resolved": "8.1.240916",
        "contentHash": "y8FEzoy5HF3dBkxe/pU87hlh0QACtGZhnv881x2SFq9fvDjukLQz6VpoOkjxSZjEILmYu1NoI/tYjqXlETRGlw==",
        "dependencies": {
          "CommunityToolkit.Common": "8.2.1",
          "Microsoft.Windows.SDK.BuildTools": "10.0.22621.756",
          "Microsoft.WindowsAppSDK": "1.5.240311000"
        }
      },
      "CommunityToolkit.WinUI.UI.Controls.DataGrid": {
        "type": "Direct",
        "requested": "[7.1.2, )",
        "resolved": "7.1.2",
        "contentHash": "F73oYdYza8zhDwGHdXCZJJMeiDJ6nR97WPe180o7jOX3U90ZIqvU/GtYZdN3/x8DOS48t5GQG70LqxfyIGeaxw==",
        "dependencies": {
          "Microsoft.WindowsAppSDK": "1.0.0"
        }
      },
      "H.NotifyIcon.WinUI": {
        "type": "Direct",
        "requested": "[2.0.131, )",
        "resolved": "2.0.131",
        "contentHash": "W+C+Nl1XhsGMbPjW0GyK311qJa8uTeqXZJ7WziPjgqTPDis8tIhWKh+/nB9Jz0XPBSQntQzmIkrSiUwmohee9g==",
        "dependencies": {
          "H.NotifyIcon": "2.0.131",
          "Microsoft.WindowsAppSDK": "1.4.231115000"
        }
      },
      "Microsoft.CSharp": {
        "type": "Direct",
        "requested": "[4.7.0, )",
        "resolved": "4.7.0",
        "contentHash": "pTj+D3uJWyN3My70i2Hqo+OXixq3Os2D1nJ2x92FFo6sk8fYS1m1WLNTs0Dc1uPaViH0YvEEwvzddQ7y4rhXmA=="
      },
      "Microsoft.Extensions.DependencyInjection": {
        "type": "Direct",
        "requested": "[9.0.0, )",
        "resolved": "9.0.0",
        "contentHash": "MCPrg7v3QgNMr0vX4vzRXvkNGgLg8vKWX0nKCWUxu2uPyMsaRgiRc1tHBnbTcfJMhMKj2slE/j2M9oGkd25DNw==",
        "dependencies": {
          "Microsoft.Extensions.DependencyInjection.Abstractions": "9.0.0"
        }
      },
      "Microsoft.Toolkit.Uwp.Notifications": {
        "type": "Direct",
        "requested": "[7.1.3, )",
        "resolved": "7.1.3",
        "contentHash": "A1dglAzb24gjehmb7DwGd07mfyZ1gacAK7ObE0KwDlRc3mayH2QW7cSOy3TkkyELjLg19OQBuhPOj4SpXET9lg==",
        "dependencies": {
          "Microsoft.Win32.Registry": "4.7.0",
          "System.Drawing.Common": "4.7.0",
          "System.Reflection.Emit": "4.7.0",
          "System.ValueTuple": "4.5.0"
        }
      },
      "Microsoft.Windows.SDK.BuildTools": {
        "type": "Direct",
        "requested": "[10.0.26100.1742, )",
        "resolved": "10.0.26100.1742",
        "contentHash": "ypcHjr4KEi6xQhgClnbXoANHcyyX/QsC4Rky4igs6M4GiDa+weegPo8JuV/VMxqrZCV4zlqDsp2krgkN7ReAAg=="
      },
      "Microsoft.WindowsAppSDK": {
        "type": "Direct",
        "requested": "[1.6.241114003, )",
        "resolved": "1.6.241114003",
        "contentHash": "5XBNubjJi7+7DDI5lUXR3Jc0/memeFJyP6zmGTGgQcmTTbUf2T6U1f+qwcXHT+2yoXpaDuZCE86/aDLdU30e5A==",
        "dependencies": {
          "Microsoft.Web.WebView2": "1.0.2651.64",
          "Microsoft.Windows.SDK.BuildTools": "10.0.22621.756"
        }
      },
      "Newtonsoft.Json": {
        "type": "Direct",
        "requested": "[13.0.3, )",
        "resolved": "13.0.3",
        "contentHash": "HrC5BXdl00IP9zeV+0Z848QWPAoCr9P3bDEZguI+gkLcBKAOxix/tLEAAHC+UvDNPv4a2d18lOReHMOagPa+zQ=="
      },
      "NLog": {
        "type": "Direct",
        "requested": "[5.3.4, )",
        "resolved": "5.3.4",
        "contentHash": "gLy7+O1hEYJXIlcTr1/VWjGXrZTQFZzYNO18IWasD64pNwz0BreV+nHLxWKXWZzERRzoKnsk2XYtwLkTVk7J1A=="
      },
      "NLog.Web.AspNetCore": {
        "type": "Direct",
        "requested": "[5.3.15, )",
        "resolved": "5.3.15",
        "contentHash": "Am5ZJ1htYf6K3QJ7stIbKK3CTGw1BOyGtucWxHoDScM/U1w6nE/zmYfZTfj7jRIKuZwbwpBqtRGZJsUcMGUvfA==",
        "dependencies": {
          "NLog.Extensions.Logging": "5.3.15"
        }
      },
      "Octokit": {
        "type": "Direct",
        "requested": "[13.0.1, )",
        "resolved": "13.0.1",
        "contentHash": "tjXTa2FXzbd3n17VWpi8UXe05EIJqHcWJW8C2kukftIve00duWiZL8x4i1vlZQ0zQ4RbRANbRc7J5K7Co/1spQ=="
      },
      "Semver": {
        "type": "Direct",
        "requested": "[3.0.0, )",
        "resolved": "3.0.0",
        "contentHash": "9jZCicsVgTebqkAujRWtC9J1A5EQVlu0TVKHcgoCuv345ve5DYf4D1MjhKEnQjdRZo6x/vdv6QQrYFs7ilGzLA==",
        "dependencies": {
          "Microsoft.Extensions.Primitives": "5.0.1"
        }
      },
      "System.Configuration.ConfigurationManager": {
        "type": "Direct",
        "requested": "[9.0.1, )",
        "resolved": "9.0.1",
        "contentHash": "ntDQ+3A7vGq6jnv3KI8nv1Tfgmos9TG863xd/5tmms6LqrIxEze1RLuA3JB/AcpXMUSO70DXzXfPnJD2ZHFX0Q==",
        "dependencies": {
          "System.Diagnostics.EventLog": "9.0.1",
          "System.Security.Cryptography.ProtectedData": "9.0.1"
        }
      },
      "System.Management": {
        "type": "Direct",
        "requested": "[9.0.0, )",
        "resolved": "9.0.0",
        "contentHash": "bVh4xAMI5grY5GZoklKcMBLirhC8Lqzp63Ft3zXJacwGAlLyFdF4k0qz4pnKIlO6HyL2Z4zqmHm9UkzEo6FFsA==",
        "dependencies": {
          "System.CodeDom": "9.0.0"
        }
      },
      "System.Private.Uri": {
        "type": "Direct",
        "requested": "[4.3.2, )",
        "resolved": "4.3.2",
        "contentHash": "o1+7RJnu3Ik3PazR7Z7tJhjPdE000Eq2KGLLWhqJJKXj04wrS8lwb1OFtDF9jzXXADhUuZNJZlPc98uwwqmpFA==",
        "dependencies": {
          "Microsoft.NETCore.Platforms": "1.1.1",
          "Microsoft.NETCore.Targets": "1.1.3"
        }
      },
      "System.ServiceProcess.ServiceController": {
        "type": "Direct",
        "requested": "[9.0.0, )",
        "resolved": "9.0.0",
        "contentHash": "ciFstNZEWYf40HbwzdQLdgQpgpnjkleC1z0jMqBKRdkEQqQ6I/Aht0x9fTBODnaQTtcF+scvrdimoDbfNap/aQ==",
        "dependencies": {
          "System.Diagnostics.EventLog": "9.0.0"
        }
      },
      "TaskScheduler": {
        "type": "Direct",
        "requested": "[2.11.0, )",
        "resolved": "2.11.0",
        "contentHash": "p9wH58XSNIyUtO7PIFAEldaKUzpYmlj+YWAfnUqBKnGxIZRY51I9BrsBGJijUVwlxrgmLLPUigRIv2ZTD4uPJA==",
        "dependencies": {
          "Microsoft.Win32.Registry": "5.0.0",
          "System.Diagnostics.EventLog": "8.0.0",
          "System.Security.AccessControl": "6.0.1"
        }
      },
      "CommunityToolkit.Common": {
        "type": "Transitive",
        "resolved": "8.2.1",
        "contentHash": "LWuhy8cQKJ/MYcy3XafJ916U3gPH/YDvYoNGWyQWN11aiEKCZszzPOTJAOvBjP9yG8vHmIcCyPUt4L82OK47Iw=="
      },
      "CommunityToolkit.WinUI.Helpers": {
        "type": "Transitive",
        "resolved": "8.1.240916",
        "contentHash": "Q2eipdR9ntktYT1b3Dn927lZjdwQsmSU9cq6Pf2GwXW+R2IwkbGn7uYKJhmr5athOT6mnNgc7pMmfwFHIsFPLQ==",
        "dependencies": {
          "CommunityToolkit.WinUI.Extensions": "8.1.240916",
          "Microsoft.Windows.SDK.BuildTools": "10.0.22621.756",
          "Microsoft.WindowsAppSDK": "1.5.240311000"
        }
      },
      "H.GeneratedIcons.System.Drawing": {
        "type": "Transitive",
        "resolved": "2.0.131",
        "contentHash": "QoNGQrhxzG+dQufa4xRjSqihMy5aVVVZqQUt0fLJbwhs7rcM4hpN1qVkZpZEkHsRgrHfFBC/Ursjh8STY/sg7A==",
        "dependencies": {
          "System.Drawing.Common": "8.0.0"
        }
      },
      "H.NotifyIcon": {
        "type": "Transitive",
        "resolved": "2.0.131",
        "contentHash": "mdznQAfcJFehblFoDUvtmdm1Y9+u1eMN1ffORbdYv5EwreMxkCwvdj8qQn3qnUo9EIJ6h5Xdgqey9Nj4us8w7w==",
        "dependencies": {
          "H.GeneratedIcons.System.Drawing": "2.0.131"
        }
      },
      "Microsoft.Extensions.Configuration.Abstractions": {
        "type": "Transitive",
        "resolved": "8.0.0",
        "contentHash": "3lE/iLSutpgX1CC0NOW70FJoGARRHbyKmG7dc0klnUZ9Dd9hS6N/POPWhKhMLCEuNN5nXEY5agmlFtH562vqhQ==",
        "dependencies": {
          "Microsoft.Extensions.Primitives": "8.0.0"
        }
      },
      "Microsoft.Extensions.DependencyInjection.Abstractions": {
        "type": "Transitive",
        "resolved": "9.0.0",
        "contentHash": "+6f2qv2a3dLwd5w6JanPIPs47CxRbnk+ZocMJUhv9NxP88VlOcJYZs9jY+MYSjxvady08bUZn6qgiNh7DadGgg=="
      },
      "Microsoft.Extensions.Logging": {
        "type": "Transitive",
        "resolved": "8.0.0",
        "contentHash": "tvRkov9tAJ3xP51LCv3FJ2zINmv1P8Hi8lhhtcKGqM+ImiTCC84uOPEI4z8Cdq2C3o9e+Aa0Gw0rmrsJD77W+w==",
        "dependencies": {
          "Microsoft.Extensions.DependencyInjection": "8.0.0",
          "Microsoft.Extensions.Logging.Abstractions": "8.0.0",
          "Microsoft.Extensions.Options": "8.0.0"
        }
      },
      "Microsoft.Extensions.Logging.Abstractions": {
        "type": "Transitive",
        "resolved": "8.0.0",
        "contentHash": "arDBqTgFCyS0EvRV7O3MZturChstm50OJ0y9bDJvAcmEPJm0FFpFyjU/JLYyStNGGey081DvnQYlncNX5SJJGA==",
        "dependencies": {
          "Microsoft.Extensions.DependencyInjection.Abstractions": "8.0.0"
        }
      },
      "Microsoft.Extensions.Options": {
        "type": "Transitive",
        "resolved": "8.0.0",
        "contentHash": "JOVOfqpnqlVLUzINQ2fox8evY2SKLYJ3BV8QDe/Jyp21u1T7r45x/R/5QdteURMR5r01GxeJSBBUOCOyaNXA3g==",
        "dependencies": {
          "Microsoft.Extensions.DependencyInjection.Abstractions": "8.0.0",
          "Microsoft.Extensions.Primitives": "8.0.0"
        }
      },
      "Microsoft.Extensions.Primitives": {
        "type": "Transitive",
        "resolved": "8.0.0",
        "contentHash": "bXJEZrW9ny8vjMF1JV253WeLhpEVzFo1lyaZu1vQ4ZxWUlVvknZ/+ftFgVheLubb4eZPSwwxBeqS1JkCOjxd8g=="
      },
      "Microsoft.NETCore.Platforms": {
        "type": "Transitive",
        "resolved": "1.1.1",
        "contentHash": "TMBuzAHpTenGbGgk0SMTwyEkyijY/Eae4ZGsFNYJvAr/LDn1ku3Etp3FPxChmDp5HHF3kzJuoaa08N0xjqAJfQ=="
      },
      "Microsoft.NETCore.Targets": {
        "type": "Transitive",
        "resolved": "1.1.3",
        "contentHash": "3Wrmi0kJDzClwAC+iBdUBpEKmEle8FQNsCs77fkiOIw/9oYA07bL1EZNX0kQ2OMN3xpwvl0vAtOCYY3ndDNlhQ=="
      },
      "Microsoft.Web.WebView2": {
        "type": "Transitive",
        "resolved": "1.0.2651.64",
        "contentHash": "f5sc/vcAoTCTEW7Nqzp4galAuTRguZViw8ksn+Nx2uskEBPm0/ubzy6gVjvXS/P96jLS89C8T9I0hPc417xpNg=="
      },
      "Microsoft.Win32.Registry": {
        "type": "Transitive",
        "resolved": "5.0.0",
        "contentHash": "dDoKi0PnDz31yAyETfRntsLArTlVAVzUzCIvvEDsDsucrl33Dl8pIJG06ePTJTI3tGpeyHS9Cq7Foc/s4EeKcg==",
        "dependencies": {
          "System.Security.AccessControl": "5.0.0",
          "System.Security.Principal.Windows": "5.0.0"
        }
      },
      "Microsoft.Win32.SystemEvents": {
        "type": "Transitive",
        "resolved": "8.0.0",
        "contentHash": "9opKRyOKMCi2xJ7Bj7kxtZ1r9vbzosMvRrdEhVhDz8j8MoBGgB+WmC94yH839NPH+BclAjtQ/pyagvi/8gDLkw=="
      },
      "NLog.Extensions.Logging": {
        "type": "Transitive",
        "resolved": "5.3.15",
        "contentHash": "BSCkfWjaTesw4/k8Ujj3YdqtDzd2iCRYIOwoHume7aaJFz4/gLbemA5MLgkAwtCxcd8nGBGfaEkeIzQPGxArLg==",
        "dependencies": {
          "Microsoft.Extensions.Configuration.Abstractions": "8.0.0",
          "Microsoft.Extensions.Logging": "8.0.0",
          "NLog": "5.3.4"
        }
      },
      "System.CodeDom": {
        "type": "Transitive",
        "resolved": "9.0.0",
        "contentHash": "oTE5IfuMoET8yaZP/vdvy9xO47guAv/rOhe4DODuFBN3ySprcQOlXqO3j+e/H/YpKKR5sglrxRaZ2HYOhNJrqA=="
      },
      "System.Diagnostics.EventLog": {
        "type": "Transitive",
        "resolved": "9.0.1",
        "contentHash": "iVnDpgYJsRaRFnk77kcLA3+913WfWDtnAKrQl9tQ5ahqKANTaJKmQdsuPWWiAPWE9pk1Kj4Pg9JGXWfFYYyakQ=="
      },
      "System.Drawing.Common": {
        "type": "Transitive",
        "resolved": "8.0.0",
        "contentHash": "JkbHJjtI/dWc5dfmEdJlbe3VwgZqCkZRtfuWFh5GOv0f+gGCfBtzMpIVkmdkj2AObO9y+oiOi81UGwH3aBYuqA==",
        "dependencies": {
          "Microsoft.Win32.SystemEvents": "8.0.0"
        }
      },
      "System.Reflection.Emit": {
        "type": "Transitive",
        "resolved": "4.7.0",
        "contentHash": "VR4kk8XLKebQ4MZuKuIni/7oh+QGFmZW3qORd1GvBq/8026OpW501SzT/oypwiQl4TvT8ErnReh/NzY9u+C6wQ=="
      },
      "System.Security.AccessControl": {
        "type": "Transitive",
        "resolved": "6.0.1",
        "contentHash": "IQ4NXP/B3Ayzvw0rDQzVTYsCKyy0Jp9KI6aYcK7UnGVlR9+Awz++TIPCQtPYfLJfOpm8ajowMR09V7quD3sEHw=="
      },
      "System.Security.Cryptography.ProtectedData": {
        "type": "Transitive",
        "resolved": "9.0.1",
        "contentHash": "u+4PH6GyDjEsWgcpKp1S/DiyxtGvazNPdaPFR6p6/qZr3TW+oZWvwfHO2H2CSpS4KGl2z2CBfU6eB38PsmoxtA=="
      },
      "System.Security.Principal.Windows": {
        "type": "Transitive",
        "resolved": "5.0.0",
        "contentHash": "t0MGLukB5WAVU9bO3MGzvlGnyJPgUlcwerXn1kzBRjwLKixT96XV0Uza41W49gVd8zEMFu9vQEFlv0IOrytICA=="
      },
      "System.ValueTuple": {
        "type": "Transitive",
        "resolved": "4.5.0",
        "contentHash": "okurQJO6NRE/apDIP23ajJ0hpiNmJ+f0BwOlB/cSqTLQlw5upkf+5+96+iG2Jw40G1fCVCyPz/FhIABUjMR+RQ=="
      }
    },
    "net8.0-windows10.0.22621/win-x64": {
      "Microsoft.WindowsAppSDK": {
        "type": "Direct",
        "requested": "[1.6.241114003, )",
        "resolved": "1.6.241114003",
        "contentHash": "5XBNubjJi7+7DDI5lUXR3Jc0/memeFJyP6zmGTGgQcmTTbUf2T6U1f+qwcXHT+2yoXpaDuZCE86/aDLdU30e5A==",
        "dependencies": {
          "Microsoft.Web.WebView2": "1.0.2651.64",
          "Microsoft.Windows.SDK.BuildTools": "10.0.22621.756"
        }
      },
      "System.Management": {
        "type": "Direct",
        "requested": "[9.0.0, )",
        "resolved": "9.0.0",
        "contentHash": "bVh4xAMI5grY5GZoklKcMBLirhC8Lqzp63Ft3zXJacwGAlLyFdF4k0qz4pnKIlO6HyL2Z4zqmHm9UkzEo6FFsA==",
        "dependencies": {
          "System.CodeDom": "9.0.0"
        }
      },
      "System.ServiceProcess.ServiceController": {
        "type": "Direct",
        "requested": "[9.0.0, )",
        "resolved": "9.0.0",
        "contentHash": "ciFstNZEWYf40HbwzdQLdgQpgpnjkleC1z0jMqBKRdkEQqQ6I/Aht0x9fTBODnaQTtcF+scvrdimoDbfNap/aQ==",
        "dependencies": {
          "System.Diagnostics.EventLog": "9.0.0"
        }
      },
      "Microsoft.Web.WebView2": {
        "type": "Transitive",
        "resolved": "1.0.2651.64",
        "contentHash": "f5sc/vcAoTCTEW7Nqzp4galAuTRguZViw8ksn+Nx2uskEBPm0/ubzy6gVjvXS/P96jLS89C8T9I0hPc417xpNg=="
      },
      "Microsoft.Win32.Registry": {
        "type": "Transitive",
        "resolved": "5.0.0",
        "contentHash": "dDoKi0PnDz31yAyETfRntsLArTlVAVzUzCIvvEDsDsucrl33Dl8pIJG06ePTJTI3tGpeyHS9Cq7Foc/s4EeKcg==",
        "dependencies": {
          "System.Security.AccessControl": "5.0.0",
          "System.Security.Principal.Windows": "5.0.0"
        }
      },
      "Microsoft.Win32.SystemEvents": {
        "type": "Transitive",
        "resolved": "8.0.0",
        "contentHash": "9opKRyOKMCi2xJ7Bj7kxtZ1r9vbzosMvRrdEhVhDz8j8MoBGgB+WmC94yH839NPH+BclAjtQ/pyagvi/8gDLkw=="
      },
      "System.Diagnostics.EventLog": {
        "type": "Transitive",
        "resolved": "9.0.1",
        "contentHash": "iVnDpgYJsRaRFnk77kcLA3+913WfWDtnAKrQl9tQ5ahqKANTaJKmQdsuPWWiAPWE9pk1Kj4Pg9JGXWfFYYyakQ=="
      },
      "System.Security.AccessControl": {
        "type": "Transitive",
        "resolved": "6.0.1",
        "contentHash": "IQ4NXP/B3Ayzvw0rDQzVTYsCKyy0Jp9KI6aYcK7UnGVlR9+Awz++TIPCQtPYfLJfOpm8ajowMR09V7quD3sEHw=="
      },
      "System.Security.Principal.Windows": {
        "type": "Transitive",
        "resolved": "5.0.0",
        "contentHash": "t0MGLukB5WAVU9bO3MGzvlGnyJPgUlcwerXn1kzBRjwLKixT96XV0Uza41W49gVd8zEMFu9vQEFlv0IOrytICA=="
      }
    }
  }
}