{
  "version": 1,
  "dependencies": {
    "net8.0-windows10.0.18362": {
      "CommunityToolkit.Mvvm": {
        "type": "Direct",
        "requested": "[8.2.2, )",
        "resolved": "8.2.2",
        "contentHash": "r0g0k9tGYdrnz8R7T3x5UiokDffeevzK/2P/9SBL6fqLgN8B157MIi/bVUWI1KAz6ZorZrK9AdABCWUeXZZsvA=="
      },
      "CommunityToolkit.WinUI.UI": {
        "type": "Direct",
        "requested": "[7.1.2, )",
        "resolved": "7.1.2",
        "contentHash": "jF1GdEJsZX5o81ZfLjSjgC5RuYwQneuW2mdFIb7FDFzITsgqCn7mfn7BglpNiXvjExkocmAKbBgmCcbp0Nypmw==",
        "dependencies": {
          "CommunityToolkit.WinUI": "7.1.2",
          "Microsoft.WindowsAppSDK": "1.0.0"
        }
      },
      "CommunityToolkit.WinUI.UI.Controls.DataGrid": {
        "type": "Direct",
        "requested": "[7.1.2, )",
        "resolved": "7.1.2",
        "contentHash": "F73oYdYza8zhDwGHdXCZJJMeiDJ6nR97WPe180o7jOX3U90ZIqvU/GtYZdN3/x8DOS48t5GQG70LqxfyIGeaxw==",
        "dependencies": {
          "Microsoft.WindowsAppSDK": "1.0.0"
        }
      },
      "H.NotifyIcon.WinUI": {
        "type": "Direct",
        "requested": "[2.0.124, )",
        "resolved": "2.0.124",
        "contentHash": "ME3h/+AknWAq+blhKsx3le7mYnCN4T3ez89ZRymVGbC3r0iViTirnzuZCb85p+SYfYgnNOUdU0ibgg4dHVt+oQ==",
        "dependencies": {
          "H.NotifyIcon": "2.0.124",
          "Microsoft.WindowsAppSDK": "1.4.231115000"
        }
      },
      "Microsoft.CSharp": {
        "type": "Direct",
        "requested": "[4.7.0, )",
        "resolved": "4.7.0",
        "contentHash": "pTj+D3uJWyN3My70i2Hqo+OXixq3Os2D1nJ2x92FFo6sk8fYS1m1WLNTs0Dc1uPaViH0YvEEwvzddQ7y4rhXmA=="
      },
      "Microsoft.Extensions.DependencyInjection": {
        "type": "Direct",
        "requested": "[8.0.0, )",
        "resolved": "8.0.0",
        "contentHash": "V8S3bsm50ig6JSyrbcJJ8bW2b9QLGouz+G1miK3UTaOWmMtFwNNNzUf4AleyDWUmTrWMLNnFSLEQtxmxgNQnNQ==",
        "dependencies": {
          "Microsoft.Extensions.DependencyInjection.Abstractions": "8.0.0"
        }
      },
      "Microsoft.Toolkit.Uwp.Notifications": {
        "type": "Direct",
        "requested": "[7.1.3, )",
        "resolved": "7.1.3",
        "contentHash": "A1dglAzb24gjehmb7DwGd07mfyZ1gacAK7ObE0KwDlRc3mayH2QW7cSOy3TkkyELjLg19OQBuhPOj4SpXET9lg==",
        "dependencies": {
          "Microsoft.Win32.Registry": "4.7.0",
          "System.Drawing.Common": "4.7.0",
          "System.Reflection.Emit": "4.7.0",
          "System.ValueTuple": "4.5.0"
        }
      },
      "Microsoft.Windows.SDK.BuildTools": {
        "type": "Direct",
        "requested": "[10.0.22621.3233, )",
        "resolved": "10.0.22621.3233",
        "contentHash": "v67zwCb9JOpfPxdSroZukIKHruU6FUB+KwcmSPcVvUFyYtcyvcUign5y8jPQNi54CVzWvaTg646e62LbanUkxg=="
      },
      "Microsoft.WindowsAppSDK": {
        "type": "Direct",
        "requested": "[1.5.240404000, )",
        "resolved": "1.5.240404000",
        "contentHash": "B06pJv0nH31vf4Df72Qoa8A+i12LBUQ/3LhpyWVEQ83opd2a5U49XnqqYrK/T8J6Zf4JTxfLvKBSM5fgXb1YXg==",
        "dependencies": {
          "Microsoft.Windows.SDK.BuildTools": "10.0.22621.756"
        }
      },
      "Newtonsoft.Json": {
        "type": "Direct",
        "requested": "[13.0.3, )",
        "resolved": "13.0.3",
        "contentHash": "HrC5BXdl00IP9zeV+0Z848QWPAoCr9P3bDEZguI+gkLcBKAOxix/tLEAAHC+UvDNPv4a2d18lOReHMOagPa+zQ=="
      },
      "NLog": {
        "type": "Direct",
        "requested": "[5.2.8, )",
        "resolved": "5.2.8",
        "contentHash": "jAIELkWBs1CXFPp986KSGpDFQZHCFccO+LMbKBTTNm42KifaI1mYzFMFQQfuGmGMTrCx0TFPhDjHDE4cLAZWiQ=="
      },
      "NLog.Web.AspNetCore": {
        "type": "Direct",
        "requested": "[5.3.8, )",
        "resolved": "5.3.8",
        "contentHash": "Rt2OCulpAF6rSrZWZzPgHikAI8SDKkq3/52xA/uJ4JtmNjoizULN/IBYtYlZojbPbXiFm3uadOO2rOvvMhjXBQ==",
        "dependencies": {
          "NLog.Extensions.Logging": "5.3.8"
        }
      },
      "Octokit": {
        "type": "Direct",
        "requested": "[11.0.0, )",
        "resolved": "11.0.0",
        "contentHash": "VrwqeriUcbM2Ziqi5/0k1ESwFzJJNDoxZ82iJqmnD9PXqiy54fpiBga17oxCSEri2Rk7jYd6TI4R7BZ/4V/2zA=="
      },
      "Semver": {
        "type": "Direct",
        "requested": "[2.3.0, )",
        "resolved": "2.3.0",
        "contentHash": "4vYo1zqn6pJ1YrhjuhuOSbIIm0CpM47grbpTJ5ABjOlfGt/EhMEM9ed4MRK5Jr6gVnntWDqOUzGeUJp68PZGjw=="
      },
      "System.Configuration.ConfigurationManager": {
        "type": "Direct",
        "requested": "[8.0.0, )",
        "resolved": "8.0.0",
        "contentHash": "JlYi9XVvIREURRUlGMr1F6vOFLk7YSY4p1vHo4kX3tQ0AGrjqlRWHDi66ImHhy6qwXBG3BJ6Y1QlYQ+Qz6Xgww==",
        "dependencies": {
          "System.Diagnostics.EventLog": "8.0.0",
          "System.Security.Cryptography.ProtectedData": "8.0.0"
        }
      },
      "System.Data.DataSetExtensions": {
        "type": "Direct",
        "requested": "[4.5.0, )",
        "resolved": "4.5.0",
        "contentHash": "221clPs1445HkTBZPL+K9sDBdJRB8UN8rgjO3ztB0CQ26z//fmJXtlsr6whGatscsKGBrhJl5bwJuKSA8mwFOw=="
      },
      "System.Management": {
        "type": "Direct",
        "requested": "[8.0.0, )",
        "resolved": "8.0.0",
        "contentHash": "jrK22i5LRzxZCfGb+tGmke2VH7oE0DvcDlJ1HAKYU8cPmD8XnpUT0bYn2Gy98GEhGjtfbR/sxKTVb+dE770pfA==",
        "dependencies": {
          "System.CodeDom": "8.0.0"
        }
      },
      "System.ServiceProcess.ServiceController": {
        "type": "Direct",
        "requested": "[8.0.0, )",
        "resolved": "8.0.0",
        "contentHash": "jtYVG3bpw2n/NvNnP2g/JLri0D4UtfusTvLeH6cZPNAEjJXJVGspS3wLgVvjNbm+wjaYkFgsXejMTocV1T5DIQ==",
        "dependencies": {
          "System.Diagnostics.EventLog": "8.0.0"
        }
      },
      "TaskScheduler": {
        "type": "Direct",
        "requested": "[2.10.1, )",
        "resolved": "2.10.1",
        "contentHash": "12b19oq9SOGbBq8745jQVQ08jAjgnsGXidQfclaZ94UZCtJRPkNfM8pz0D7pj04RHcQJQdZZnAUuC93reALqNg==",
        "dependencies": {
          "Microsoft.Win32.Registry": "5.0.0",
          "System.Diagnostics.EventLog": "5.0.0",
          "System.Security.AccessControl": "5.0.0"
        }
      },
      "CommunityToolkit.Common": {
        "type": "Transitive",
        "resolved": "7.1.2",
        "contentHash": "KnHnukN+Sc26YT98OWYTp8mvaYlLc61lzDh0RrVRNQXm01hZ+iXAjCgKM59vAojqxNVrlbcXj22LYOyXWDItgg=="
      },
      "CommunityToolkit.WinUI": {
        "type": "Transitive",
        "resolved": "7.1.2",
        "contentHash": "0O6hCHy+/adJygcROD3r3yA41gRq972i/r6uGUfo8lfEbr/I1YGePTClAh1P9JYT7DdoI2IqeUhX05lq+rwrHg==",
        "dependencies": {
          "CommunityToolkit.Common": "7.1.2",
          "Microsoft.WindowsAppSDK": "1.0.0"
        }
      },
      "H.GeneratedIcons.System.Drawing": {
        "type": "Transitive",
        "resolved": "2.0.124",
        "contentHash": "HP8OdWxrujKbLlmpcnNd+B9MGygGZ4g7RbzlBUmwNvJPVUfL7H+OQoiiCKUT/pfLzX75Nt0smE1RIJ/+SLeFfg==",
        "dependencies": {
          "System.Drawing.Common": "8.0.0"
        }
      },
      "H.NotifyIcon": {
        "type": "Transitive",
        "resolved": "2.0.124",
        "contentHash": "wifXuToNRNBxW0RIb2H8gLlUeDOjScuakbwFyk7y/OFPZs15PF1uSMuOORzgSDUfT+NHjeaKlNHlinzLw7Ct9Q==",
        "dependencies": {
          "H.GeneratedIcons.System.Drawing": "2.0.124"
        }
      },
      "Microsoft.Extensions.Configuration.Abstractions": {
        "type": "Transitive",
        "resolved": "8.0.0",
        "contentHash": "3lE/iLSutpgX1CC0NOW70FJoGARRHbyKmG7dc0klnUZ9Dd9hS6N/POPWhKhMLCEuNN5nXEY5agmlFtH562vqhQ==",
        "dependencies": {
          "Microsoft.Extensions.Primitives": "8.0.0"
        }
      },
      "Microsoft.Extensions.DependencyInjection.Abstractions": {
        "type": "Transitive",
        "resolved": "8.0.0",
        "contentHash": "cjWrLkJXK0rs4zofsK4bSdg+jhDLTaxrkXu4gS6Y7MAlCvRyNNgwY/lJi5RDlQOnSZweHqoyvgvbdvQsRIW+hg=="
      },
      "Microsoft.Extensions.Logging": {
        "type": "Transitive",
        "resolved": "8.0.0",
        "contentHash": "tvRkov9tAJ3xP51LCv3FJ2zINmv1P8Hi8lhhtcKGqM+ImiTCC84uOPEI4z8Cdq2C3o9e+Aa0Gw0rmrsJD77W+w==",
        "dependencies": {
          "Microsoft.Extensions.DependencyInjection": "8.0.0",
          "Microsoft.Extensions.Logging.Abstractions": "8.0.0",
          "Microsoft.Extensions.Options": "8.0.0"
        }
      },
      "Microsoft.Extensions.Logging.Abstractions": {
        "type": "Transitive",
        "resolved": "8.0.0",
        "contentHash": "arDBqTgFCyS0EvRV7O3MZturChstm50OJ0y9bDJvAcmEPJm0FFpFyjU/JLYyStNGGey081DvnQYlncNX5SJJGA==",
        "dependencies": {
          "Microsoft.Extensions.DependencyInjection.Abstractions": "8.0.0"
        }
      },
      "Microsoft.Extensions.Options": {
        "type": "Transitive",
        "resolved": "8.0.0",
        "contentHash": "JOVOfqpnqlVLUzINQ2fox8evY2SKLYJ3BV8QDe/Jyp21u1T7r45x/R/5QdteURMR5r01GxeJSBBUOCOyaNXA3g==",
        "dependencies": {
          "Microsoft.Extensions.DependencyInjection.Abstractions": "8.0.0",
          "Microsoft.Extensions.Primitives": "8.0.0"
        }
      },
      "Microsoft.Extensions.Primitives": {
        "type": "Transitive",
        "resolved": "8.0.0",
        "contentHash": "bXJEZrW9ny8vjMF1JV253WeLhpEVzFo1lyaZu1vQ4ZxWUlVvknZ/+ftFgVheLubb4eZPSwwxBeqS1JkCOjxd8g=="
      },
      "Microsoft.NETCore.Platforms": {
        "type": "Transitive",
        "resolved": "5.0.0",
        "contentHash": "VyPlqzH2wavqquTcYpkIIAQ6WdenuKoFN0BdYBbCWsclXacSOHNQn66Gt4z5NBqEYW0FAPm5rlvki9ZiCij5xQ=="
      },
      "Microsoft.Win32.Registry": {
        "type": "Transitive",
        "resolved": "5.0.0",
        "contentHash": "dDoKi0PnDz31yAyETfRntsLArTlVAVzUzCIvvEDsDsucrl33Dl8pIJG06ePTJTI3tGpeyHS9Cq7Foc/s4EeKcg==",
        "dependencies": {
          "System.Security.AccessControl": "5.0.0",
          "System.Security.Principal.Windows": "5.0.0"
        }
      },
      "Microsoft.Win32.SystemEvents": {
        "type": "Transitive",
        "resolved": "8.0.0",
        "contentHash": "9opKRyOKMCi2xJ7Bj7kxtZ1r9vbzosMvRrdEhVhDz8j8MoBGgB+WmC94yH839NPH+BclAjtQ/pyagvi/8gDLkw=="
      },
      "NLog.Extensions.Logging": {
        "type": "Transitive",
        "resolved": "5.3.8",
        "contentHash": "6VD0lyeokWltL6j8lO7mS7v7lbuO/qn0F7kdvhKhEx1JvFyD39nzohOK3JvkVh4Nn3mrcMDCyDxvTvmiW55jQg==",
        "dependencies": {
          "Microsoft.Extensions.Configuration.Abstractions": "8.0.0",
          "Microsoft.Extensions.Logging": "8.0.0",
          "NLog": "5.2.8"
        }
      },
      "System.CodeDom": {
        "type": "Transitive",
        "resolved": "8.0.0",
        "contentHash": "WTlRjL6KWIMr/pAaq3rYqh0TJlzpouaQ/W1eelssHgtlwHAH25jXTkUphTYx9HaIIf7XA6qs/0+YhtLEQRkJ+Q=="
      },
      "System.Diagnostics.EventLog": {
        "type": "Transitive",
        "resolved": "8.0.0",
        "contentHash": "fdYxcRjQqTTacKId/2IECojlDSFvp7LP5N78+0z/xH7v/Tuw5ZAxu23Y6PTCRinqyu2ePx+Gn1098NC6jM6d+A=="
      },
      "System.Drawing.Common": {
        "type": "Transitive",
        "resolved": "8.0.0",
        "contentHash": "JkbHJjtI/dWc5dfmEdJlbe3VwgZqCkZRtfuWFh5GOv0f+gGCfBtzMpIVkmdkj2AObO9y+oiOi81UGwH3aBYuqA==",
        "dependencies": {
          "Microsoft.Win32.SystemEvents": "8.0.0"
        }
      },
      "System.Reflection.Emit": {
        "type": "Transitive",
        "resolved": "4.7.0",
        "contentHash": "VR4kk8XLKebQ4MZuKuIni/7oh+QGFmZW3qORd1GvBq/8026OpW501SzT/oypwiQl4TvT8ErnReh/NzY9u+C6wQ=="
      },
      "System.Security.AccessControl": {
        "type": "Transitive",
        "resolved": "5.0.0",
        "contentHash": "dagJ1mHZO3Ani8GH0PHpPEe/oYO+rVdbQjvjJkBRNQkX4t0r1iaeGn8+/ybkSLEan3/slM0t59SVdHzuHf2jmw==",
        "dependencies": {
          "Microsoft.NETCore.Platforms": "5.0.0",
          "System.Security.Principal.Windows": "5.0.0"
        }
      },
      "System.Security.Cryptography.ProtectedData": {
        "type": "Transitive",
        "resolved": "8.0.0",
        "contentHash": "+TUFINV2q2ifyXauQXRwy4CiBhqvDEDZeVJU7qfxya4aRYOKzVBpN+4acx25VcPB9ywUN6C0n8drWl110PhZEg=="
      },
      "System.Security.Principal.Windows": {
        "type": "Transitive",
        "resolved": "5.0.0",
        "contentHash": "t0MGLukB5WAVU9bO3MGzvlGnyJPgUlcwerXn1kzBRjwLKixT96XV0Uza41W49gVd8zEMFu9vQEFlv0IOrytICA=="
      },
      "System.ValueTuple": {
        "type": "Transitive",
        "resolved": "4.5.0",
        "contentHash": "okurQJO6NRE/apDIP23ajJ0hpiNmJ+f0BwOlB/cSqTLQlw5upkf+5+96+iG2Jw40G1fCVCyPz/FhIABUjMR+RQ=="
      }
    },
    "net8.0-windows10.0.18362/win-x64": {
      "Microsoft.WindowsAppSDK": {
        "type": "Direct",
        "requested": "[1.5.240404000, )",
        "resolved": "1.5.240404000",
        "contentHash": "B06pJv0nH31vf4Df72Qoa8A+i12LBUQ/3LhpyWVEQ83opd2a5U49XnqqYrK/T8J6Zf4JTxfLvKBSM5fgXb1YXg==",
        "dependencies": {
          "Microsoft.Windows.SDK.BuildTools": "10.0.22621.756"
        }
      },
      "System.Management": {
        "type": "Direct",
        "requested": "[8.0.0, )",
        "resolved": "8.0.0",
        "contentHash": "jrK22i5LRzxZCfGb+tGmke2VH7oE0DvcDlJ1HAKYU8cPmD8XnpUT0bYn2Gy98GEhGjtfbR/sxKTVb+dE770pfA==",
        "dependencies": {
          "System.CodeDom": "8.0.0"
        }
      },
      "System.ServiceProcess.ServiceController": {
        "type": "Direct",
        "requested": "[8.0.0, )",
        "resolved": "8.0.0",
        "contentHash": "jtYVG3bpw2n/NvNnP2g/JLri0D4UtfusTvLeH6cZPNAEjJXJVGspS3wLgVvjNbm+wjaYkFgsXejMTocV1T5DIQ==",
        "dependencies": {
          "System.Diagnostics.EventLog": "8.0.0"
        }
      },
      "Microsoft.Win32.Registry": {
        "type": "Transitive",
        "resolved": "5.0.0",
        "contentHash": "dDoKi0PnDz31yAyETfRntsLArTlVAVzUzCIvvEDsDsucrl33Dl8pIJG06ePTJTI3tGpeyHS9Cq7Foc/s4EeKcg==",
        "dependencies": {
          "System.Security.AccessControl": "5.0.0",
          "System.Security.Principal.Windows": "5.0.0"
        }
      },
      "Microsoft.Win32.SystemEvents": {
        "type": "Transitive",
        "resolved": "8.0.0",
        "contentHash": "9opKRyOKMCi2xJ7Bj7kxtZ1r9vbzosMvRrdEhVhDz8j8MoBGgB+WmC94yH839NPH+BclAjtQ/pyagvi/8gDLkw=="
      },
      "System.Diagnostics.EventLog": {
        "type": "Transitive",
        "resolved": "8.0.0",
        "contentHash": "fdYxcRjQqTTacKId/2IECojlDSFvp7LP5N78+0z/xH7v/Tuw5ZAxu23Y6PTCRinqyu2ePx+Gn1098NC6jM6d+A=="
      },
      "System.Security.AccessControl": {
        "type": "Transitive",
        "resolved": "5.0.0",
        "contentHash": "dagJ1mHZO3Ani8GH0PHpPEe/oYO+rVdbQjvjJkBRNQkX4t0r1iaeGn8+/ybkSLEan3/slM0t59SVdHzuHf2jmw==",
        "dependencies": {
          "Microsoft.NETCore.Platforms": "5.0.0",
          "System.Security.Principal.Windows": "5.0.0"
        }
      },
      "System.Security.Principal.Windows": {
        "type": "Transitive",
        "resolved": "5.0.0",
        "contentHash": "t0MGLukB5WAVU9bO3MGzvlGnyJPgUlcwerXn1kzBRjwLKixT96XV0Uza41W49gVd8zEMFu9vQEFlv0IOrytICA=="
      }
    }
  }
}