
Microsoft Visual Studio Solution File, Format Version 12.00
# Visual Studio Version 17
VisualStudioVersion = 17.4.33205.214
MinimumVisualStudioVersion = 10.0.40219.1
Project("{9A19103F-16F7-4668-BE54-9A1E7A4F7556}") = "AutoStartConfirm", "AutoStartConfirm\AutoStartConfirm.csproj", "{BC458D72-75B1-4DBD-8532-7D6D0E58FC21}"
EndProject
Project("{2150E333-8FDC-42A3-9474-1A3956D46DE8}") = "Solution Items", "Solution Items", "{0F4D0F66-AF46-493D-9FE6-D80C2BEAB943}"
	ProjectSection(SolutionItems) = preProject
		.gitignore = .gitignore
		CHANGELOG.md = CHANGELOG.md
		Directory.Build.props = Directory.Build.props
		LICENSE = LICENSE
		README.md = README.md
	EndProjectSection
EndProject
Project("{B7DD6F7E-DEF8-4E67-B5B7-07EF123DB6F0}") = "AutoStartConfirmSetup", "AutoStartConfirmSetup\AutoStartConfirmSetup.wixproj", "{C044A8D0-32F9-48CD-B9C8-3D47E58E14DE}"
EndProject
Project("{2150E333-8FDC-42A3-9474-1A3956D46DE8}") = "build", "build", "{FCDFE959-5861-4E5D-83C2-C0C257344ADA}"
	ProjectSection(SolutionItems) = preProject
		build\Daily.targets = build\Daily.targets
		Build\Daily_Debug.bat = Build\Daily_Debug.bat
		Build\Daily_Release.bat = Build\Daily_Release.bat
	EndProjectSection
EndProject
Project("{9A19103F-16F7-4668-BE54-9A1E7A4F7556}") = "AutoStartConfirmTests", "AutoStartConfirmTests\AutoStartConfirmTests.csproj", "{B4992E06-39F6-4DE8-9AEB-35510CD5FFFF}"
EndProject
Project("{9A19103F-16F7-4668-BE54-9A1E7A4F7556}") = "AutoStartConfirmLib", "AutoStartConfirmLib\AutoStartConfirmLib.csproj", "{E7F9B8FE-D6E1-429C-96F1-9C7A64AA7C74}"
EndProject
Project("{2150E333-8FDC-42A3-9474-1A3956D46DE8}") = ".github", ".github", "{5099C6BA-3F25-48BC-9CF3-947980E26377}"
	ProjectSection(SolutionItems) = preProject
		.github\dependabot.yml = .github\dependabot.yml
		.github\FUNDING.yml = .github\FUNDING.yml
	EndProjectSection
EndProject
Project("{2150E333-8FDC-42A3-9474-1A3956D46DE8}") = "workflows", "workflows", "{23C1DB5B-3CC3-4F6F-9D8C-18204E7E904E}"
	ProjectSection(SolutionItems) = preProject
		.github\workflows\ci-fallback.yml = .github\workflows\ci-fallback.yml
		.github\workflows\ci.yml = .github\workflows\ci.yml
		.github\workflows\create-release.yml = .github\workflows\create-release.yml
		.github\workflows\security.yml = .github\workflows\security.yml
	EndProjectSection
EndProject
Global
	GlobalSection(SolutionConfigurationPlatforms) = preSolution
		Debug Framework Dependent|x64 = Debug Framework Dependent|x64
		Debug Standalone|x64 = Debug Standalone|x64
		Release Framework Dependent|x64 = Release Framework Dependent|x64
		Release Standalone|x64 = Release Standalone|x64
	EndGlobalSection
	GlobalSection(ProjectConfigurationPlatforms) = postSolution
		{BC458D72-75B1-4DBD-8532-7D6D0E58FC21}.Debug Framework Dependent|x64.ActiveCfg = Debug Framework Dependent|x64
		{BC458D72-75B1-4DBD-8532-7D6D0E58FC21}.Debug Framework Dependent|x64.Build.0 = Debug Framework Dependent|x64
		{BC458D72-75B1-4DBD-8532-7D6D0E58FC21}.Debug Standalone|x64.ActiveCfg = Debug Standalone|x64
		{BC458D72-75B1-4DBD-8532-7D6D0E58FC21}.Debug Standalone|x64.Build.0 = Debug Standalone|x64
		{BC458D72-75B1-4DBD-8532-7D6D0E58FC21}.Release Framework Dependent|x64.ActiveCfg = Release Framework Dependent|x64
		{BC458D72-75B1-4DBD-8532-7D6D0E58FC21}.Release Framework Dependent|x64.Build.0 = Release Framework Dependent|x64
		{BC458D72-75B1-4DBD-8532-7D6D0E58FC21}.Release Standalone|x64.ActiveCfg = Release Standalone|x64
		{BC458D72-75B1-4DBD-8532-7D6D0E58FC21}.Release Standalone|x64.Build.0 = Release Standalone|x64
		{C044A8D0-32F9-48CD-B9C8-3D47E58E14DE}.Debug Framework Dependent|x64.ActiveCfg = Debug Framework Dependent|x64
		{C044A8D0-32F9-48CD-B9C8-3D47E58E14DE}.Debug Standalone|x64.ActiveCfg = Debug Standalone|x64
		{C044A8D0-32F9-48CD-B9C8-3D47E58E14DE}.Release Framework Dependent|x64.ActiveCfg = Release Framework Dependent|x64
		{C044A8D0-32F9-48CD-B9C8-3D47E58E14DE}.Release Standalone|x64.ActiveCfg = Release Standalone|x64
		{B4992E06-39F6-4DE8-9AEB-35510CD5FFFF}.Debug Framework Dependent|x64.ActiveCfg = Debug Framework Dependent|x64
		{B4992E06-39F6-4DE8-9AEB-35510CD5FFFF}.Debug Standalone|x64.ActiveCfg = Debug Standalone|x64
		{B4992E06-39F6-4DE8-9AEB-35510CD5FFFF}.Release Framework Dependent|x64.ActiveCfg = Release Framework Dependent|x64
		{B4992E06-39F6-4DE8-9AEB-35510CD5FFFF}.Release Standalone|x64.ActiveCfg = Release Standalone|x64
		{E7F9B8FE-D6E1-429C-96F1-9C7A64AA7C74}.Debug Framework Dependent|x64.ActiveCfg = Debug Framework Dependent|x64
		{E7F9B8FE-D6E1-429C-96F1-9C7A64AA7C74}.Debug Framework Dependent|x64.Build.0 = Debug Framework Dependent|x64
		{E7F9B8FE-D6E1-429C-96F1-9C7A64AA7C74}.Debug Standalone|x64.ActiveCfg = Debug Standalone|x64
		{E7F9B8FE-D6E1-429C-96F1-9C7A64AA7C74}.Debug Standalone|x64.Build.0 = Debug Standalone|x64
		{E7F9B8FE-D6E1-429C-96F1-9C7A64AA7C74}.Release Framework Dependent|x64.ActiveCfg = Release Framework Dependent|x64
		{E7F9B8FE-D6E1-429C-96F1-9C7A64AA7C74}.Release Framework Dependent|x64.Build.0 = Release Framework Dependent|x64
		{E7F9B8FE-D6E1-429C-96F1-9C7A64AA7C74}.Release Standalone|x64.ActiveCfg = Release Standalone|x64
		{E7F9B8FE-D6E1-429C-96F1-9C7A64AA7C74}.Release Standalone|x64.Build.0 = Release Standalone|x64
	EndGlobalSection
	GlobalSection(SolutionProperties) = preSolution
		HideSolutionNode = FALSE
	EndGlobalSection
	GlobalSection(NestedProjects) = preSolution
		{FCDFE959-5861-4E5D-83C2-C0C257344ADA} = {0F4D0F66-AF46-493D-9FE6-D80C2BEAB943}
		{5099C6BA-3F25-48BC-9CF3-947980E26377} = {0F4D0F66-AF46-493D-9FE6-D80C2BEAB943}
		{23C1DB5B-3CC3-4F6F-9D8C-18204E7E904E} = {5099C6BA-3F25-48BC-9CF3-947980E26377}
	EndGlobalSection
	GlobalSection(ExtensibilityGlobals) = postSolution
		SolutionGuid = {0A9BE096-3598-4A35-8B4A-FDD35CC04541}
	EndGlobalSection
EndGlobal
