{
  "version": 1,
  "dependencies": {
    "native,Version=v0.0": {
      "WixToolset.Heat": {
        "type": "Direct",
        "requested": "[5.0.1, )",
        "resolved": "5.0.1",
        "contentHash": "IWQ7H+CnuoTVc5Kpvz+zPcr0G3U/OQSPDyJzyNadxibF055ZATJ5hJloaoxxVzOQ36V/NCUqQAc11Pc2iFJwyw=="
      },
      "WixToolset.UI.wixext": {
        "type": "Direct",
        "requested": "[5.0.1, )",
        "resolved": "5.0.1",
        "contentHash": "5QOjucYewg+fQ6obndgfpLFVqfX/3UlqAq+aNCmmAb8Gjl81uNxUdo47QF0tnryKyU2OLkiq09tXC0rKsz4d4A=="
      },
      "WixToolset.Util.wixext": {
        "type": "Direct",
        "requested": "[5.0.1, )",
        "resolved": "5.0.1",
        "contentHash": "7DxjepwZ4vuLfy2scstHWaKRgYmDSpj7YAV31lrxnU5a4U6Au2p9t4YpnXrNeq8FFYuZivg5vEc/zuz5tfigug=="
      }
    },
    "native,Version=v0.0/win": {},
    "native,Version=v0.0/win-arm64": {},
    "native,Version=v0.0/win-x64": {},
    "native,Version=v0.0/win-x86": {}
  }
}