{
  "version": 1,
  "dependencies": {
    "native,Version=v0.0": {
      "WixToolset.UI.wixext": {
        "type": "Direct",
        "requested": "[7.0.0, )",
        "resolved": "7.0.0",
        "contentHash": "8gjhm6oWo++97yEKkm8wEkw2EqY5em3yCUXrSh/AIyU23IaazB2zrrpbayh4CnGJSaG2ZAHfhA5m9VrwqmPw0A=="
      },
      "WixToolset.Util.wixext": {
        "type": "Direct",
        "requested": "[7.0.0, )",
        "resolved": "7.0.0",
        "contentHash": "Ecz/118E0DcVKl/PFe1T6jJieY7RYAGZYfCBwcWodA6taqKx/LgFOev8o1mnNAfP7+NcdpCQNrcoww+EAtzPWQ=="
      }
    },
    "native,Version=v0.0/win": {},
    "native,Version=v0.0/win-arm64": {},
    "native,Version=v0.0/win-x64": {},
    "native,Version=v0.0/win-x86": {}
  }
}